Microsoft Visual Studio Solution File, Format Version 11.00
# Visual Studio 2008

Project("{B2FCCA4B-0609-2BE6-387A-224A3EE5E69B}") = "USlimeDungeon2D", "Assembly-CSharp.csproj", "{FD772710-28FC-71B5-B0E6-963C56310F16}"
EndProject
Project("{B2FCCA4B-0609-2BE6-387A-224A3EE5E69B}") = "USlimeDungeon2D", "Assembly-UnityScript.unityproj", "{43F1E7A6-8280-59E1-ABEF-06B57DE3934F}"
EndProject
Global
	GlobalSection(SolutionConfigurationPlatforms) = preSolution
		Debug|Any CPU = Debug|Any CPU
		Release|Any CPU = Release|Any CPU
	EndGlobalSection
	GlobalSection(ProjectConfigurationPlatforms) = postSolution
		{FD772710-28FC-71B5-B0E6-963C56310F16}.Debug|Any CPU.ActiveCfg = Debug|Any CPU
		{FD772710-28FC-71B5-B0E6-963C56310F16}.Debug|Any CPU.Build.0 = Debug|Any CPU
		{FD772710-28FC-71B5-B0E6-963C56310F16}.Release|Any CPU.ActiveCfg = Release|Any CPU
		{FD772710-28FC-71B5-B0E6-963C56310F16}.Release|Any CPU.Build.0 = Release|Any CPU
		{43F1E7A6-8280-59E1-ABEF-06B57DE3934F}.Debug|Any CPU.ActiveCfg = Debug|Any CPU
		{43F1E7A6-8280-59E1-ABEF-06B57DE3934F}.Debug|Any CPU.Build.0 = Debug|Any CPU
		{43F1E7A6-8280-59E1-ABEF-06B57DE3934F}.Release|Any CPU.ActiveCfg = Release|Any CPU
		{43F1E7A6-8280-59E1-ABEF-06B57DE3934F}.Release|Any CPU.Build.0 = Release|Any CPU
	EndGlobalSection
	GlobalSection(SolutionProperties) = preSolution
		HideSolutionNode = FALSE
	EndGlobalSection
	GlobalSection(MonoDevelopProperties) = preSolution
		StartupItem = Assembly-CSharp.csproj
	EndGlobalSection
EndGlobal
